// !$*UTF8*$!
{
	archiveVersion = 1;
	classes = {
	};
	objectVersion = 48;
	objects = {

/* Begin PBXBuildFile section */
		3D3BB3102018AA100098E5AA /* AppDelegate.swift in Sources */ = {isa = PBXBuildFile; fileRef = 3D3BB30F2018AA100098E5AA /* AppDelegate.swift */; };
		3D3BB3152018AA100098E5AA /* Main.storyboard in Resources */ = {isa = PBXBuildFile; fileRef = 3D3BB3132018AA100098E5AA /* Main.storyboard */; };
		3D3BB3172018AA100098E5AA /* Assets.xcassets in Resources */ = {isa = PBXBuildFile; fileRef = 3D3BB3162018AA100098E5AA /* Assets.xcassets */; };
		3D3BB31A2018AA100098E5AA /* LaunchScreen.storyboard in Resources */ = {isa = PBXBuildFile; fileRef = 3D3BB3182018AA100098E5AA /* LaunchScreen.storyboard */; };
		3D3BB3252018AA100098E5AA /* Taipei_ParkTests.swift in Sources */ = {isa = PBXBuildFile; fileRef = 3D3BB3242018AA100098E5AA /* Taipei_ParkTests.swift */; };
		3D3BB3302018B7310098E5AA /* ParkTableViewController.swift in Sources */ = {isa = PBXBuildFile; fileRef = 3D3BB32F2018B7310098E5AA /* ParkTableViewController.swift */; };
		3D3BB3322018B7940098E5AA /* ParkListCell.swift in Sources */ = {isa = PBXBuildFile; fileRef = 3D3BB3312018B7940098E5AA /* ParkListCell.swift */; };
		3D3BB3352018B8B90098E5AA /* ParkSpot.swift in Sources */ = {isa = PBXBuildFile; fileRef = 3D3BB3342018B8B90098E5AA /* ParkSpot.swift */; };
		3D3BB3372018BC280098E5AA /* DataManager.swift in Sources */ = {isa = PBXBuildFile; fileRef = 3D3BB3362018BC280098E5AA /* DataManager.swift */; };
		3D3BB3382018C2050098E5AA /* DataManager.swift in Sources */ = {isa = PBXBuildFile; fileRef = 3D3BB3362018BC280098E5AA /* DataManager.swift */; };
		3D3BB3392018C2080098E5AA /* ParkSpot.swift in Sources */ = {isa = PBXBuildFile; fileRef = 3D3BB3342018B8B90098E5AA /* ParkSpot.swift */; };
		3D5A6F272019C6AE00BA7851 /* ParkSpotDetailTableViewController.swift in Sources */ = {isa = PBXBuildFile; fileRef = 3D5A6F262019C6AE00BA7851 /* ParkSpotDetailTableViewController.swift */; };
		3D5A6F2B2019E32C00BA7851 /* ParkSpotDetailCell.swift in Sources */ = {isa = PBXBuildFile; fileRef = 3D5A6F292019E32C00BA7851 /* ParkSpotDetailCell.swift */; };
		3D5A6F2C2019E32C00BA7851 /* ParkSpotDetailCell.xib in Resources */ = {isa = PBXBuildFile; fileRef = 3D5A6F2A2019E32C00BA7851 /* ParkSpotDetailCell.xib */; };
		3DB51B452019777100988956 /* TaipeiParkExtensions.swift in Sources */ = {isa = PBXBuildFile; fileRef = 3DB51B442019777100988956 /* TaipeiParkExtensions.swift */; };
		3DB51B47201980CB00988956 /* LoadingProgressCell.swift in Sources */ = {isa = PBXBuildFile; fileRef = 3DB51B46201980CB00988956 /* LoadingProgressCell.swift */; };
		3DB51B492019A9D900988956 /* ParkSpotDetailViewController.swift in Sources */ = {isa = PBXBuildFile; fileRef = 3DB51B482019A9D900988956 /* ParkSpotDetailViewController.swift */; };
		3DB51B4B201A0A2100988956 /* BaseParkSpotCell.swift in Sources */ = {isa = PBXBuildFile; fileRef = 3DB51B4A201A0A2100988956 /* BaseParkSpotCell.swift */; };
		3DB51B4E201A164200988956 /* RelatedParkSpotCollectionViewCell.swift in Sources */ = {isa = PBXBuildFile; fileRef = 3DB51B4C201A164200988956 /* RelatedParkSpotCollectionViewCell.swift */; };
		3DB51B4F201A164200988956 /* RelatedParkSpotCollectionViewCell.xib in Resources */ = {isa = PBXBuildFile; fileRef = 3DB51B4D201A164200988956 /* RelatedParkSpotCollectionViewCell.xib */; };
		BB00E0178E89215A1BCD8A24 /* Pods_Taipei_ParkTests.framework in Frameworks */ = {isa = PBXBuildFile; fileRef = 47A6DBE2CE07CFC35DD3D9B2 /* Pods_Taipei_ParkTests.framework */; };
		FA43114C5373B991649747B9 /* Pods_Taipei_Park.framework in Frameworks */ = {isa = PBXBuildFile; fileRef = 2E50A709C3EAE7B304BA4834 /* Pods_Taipei_Park.framework */; };
/* End PBXBuildFile section */

/* Begin PBXContainerItemProxy section */
		3D3BB3212018AA100098E5AA /* PBXContainerItemProxy */ = {
			isa = PBXContainerItemProxy;
			containerPortal = 3D3BB3042018AA100098E5AA /* Project object */;
			proxyType = 1;
			remoteGlobalIDString = 3D3BB30B2018AA100098E5AA;
			remoteInfo = Taipei_Park;
		};
/* End PBXContainerItemProxy section */

/* Begin PBXFileReference section */
		2E50A709C3EAE7B304BA4834 /* Pods_Taipei_Park.framework */ = {isa = PBXFileReference; explicitFileType = wrapper.framework; includeInIndex = 0; path = Pods_Taipei_Park.framework; sourceTree = BUILT_PRODUCTS_DIR; };
		3D3BB30C2018AA100098E5AA /* Taipei_Park.app */ = {isa = PBXFileReference; explicitFileType = wrapper.application; includeInIndex = 0; path = Taipei_Park.app; sourceTree = BUILT_PRODUCTS_DIR; };
		3D3BB30F2018AA100098E5AA /* AppDelegate.swift */ = {isa = PBXFileReference; lastKnownFileType = sourcecode.swift; path = AppDelegate.swift; sourceTree = "<group>"; };
		3D3BB3142018AA100098E5AA /* Base */ = {isa = PBXFileReference; lastKnownFileType = file.storyboard; name = Base; path = Base.lproj/Main.storyboard; sourceTree = "<group>"; };
		3D3BB3162018AA100098E5AA /* Assets.xcassets */ = {isa = PBXFileReference; lastKnownFileType = folder.assetcatalog; path = Assets.xcassets; sourceTree = "<group>"; };
		3D3BB3192018AA100098E5AA /* Base */ = {isa = PBXFileReference; lastKnownFileType = file.storyboard; name = Base; path = Base.lproj/LaunchScreen.storyboard; sourceTree = "<group>"; };
		3D3BB31B2018AA100098E5AA /* Info.plist */ = {isa = PBXFileReference; lastKnownFileType = text.plist.xml; path = Info.plist; sourceTree = "<group>"; };
		3D3BB3202018AA100098E5AA /* Taipei_ParkTests.xctest */ = {isa = PBXFileReference; explicitFileType = wrapper.cfbundle; includeInIndex = 0; path = Taipei_ParkTests.xctest; sourceTree = BUILT_PRODUCTS_DIR; };
		3D3BB3242018AA100098E5AA /* Taipei_ParkTests.swift */ = {isa = PBXFileReference; lastKnownFileType = sourcecode.swift; path = Taipei_ParkTests.swift; sourceTree = "<group>"; };
		3D3BB3262018AA100098E5AA /* Info.plist */ = {isa = PBXFileReference; lastKnownFileType = text.plist.xml; path = Info.plist; sourceTree = "<group>"; };
		3D3BB32F2018B7310098E5AA /* ParkTableViewController.swift */ = {isa = PBXFileReference; lastKnownFileType = sourcecode.swift; path = ParkTableViewController.swift; sourceTree = "<group>"; };
		3D3BB3312018B7940098E5AA /* ParkListCell.swift */ = {isa = PBXFileReference; lastKnownFileType = sourcecode.swift; path = ParkListCell.swift; sourceTree = "<group>"; };
		3D3BB3342018B8B90098E5AA /* ParkSpot.swift */ = {isa = PBXFileReference; lastKnownFileType = sourcecode.swift; path = ParkSpot.swift; sourceTree = "<group>"; };
		3D3BB3362018BC280098E5AA /* DataManager.swift */ = {isa = PBXFileReference; lastKnownFileType = sourcecode.swift; path = DataManager.swift; sourceTree = "<group>"; };
		3D5A6F262019C6AE00BA7851 /* ParkSpotDetailTableViewController.swift */ = {isa = PBXFileReference; lastKnownFileType = sourcecode.swift; path = ParkSpotDetailTableViewController.swift; sourceTree = "<group>"; };
		3D5A6F292019E32C00BA7851 /* ParkSpotDetailCell.swift */ = {isa = PBXFileReference; lastKnownFileType = sourcecode.swift; path = ParkSpotDetailCell.swift; sourceTree = "<group>"; };
		3D5A6F2A2019E32C00BA7851 /* ParkSpotDetailCell.xib */ = {isa = PBXFileReference; lastKnownFileType = file.xib; path = ParkSpotDetailCell.xib; sourceTree = "<group>"; };
		3DB51B442019777100988956 /* TaipeiParkExtensions.swift */ = {isa = PBXFileReference; lastKnownFileType = sourcecode.swift; path = TaipeiParkExtensions.swift; sourceTree = "<group>"; };
		3DB51B46201980CB00988956 /* LoadingProgressCell.swift */ = {isa = PBXFileReference; lastKnownFileType = sourcecode.swift; path = LoadingProgressCell.swift; sourceTree = "<group>"; };
		3DB51B482019A9D900988956 /* ParkSpotDetailViewController.swift */ = {isa = PBXFileReference; lastKnownFileType = sourcecode.swift; path = ParkSpotDetailViewController.swift; sourceTree = "<group>"; };
		3DB51B4A201A0A2100988956 /* BaseParkSpotCell.swift */ = {isa = PBXFileReference; lastKnownFileType = sourcecode.swift; path = BaseParkSpotCell.swift; sourceTree = "<group>"; };
		3DB51B4C201A164200988956 /* RelatedParkSpotCollectionViewCell.swift */ = {isa = PBXFileReference; lastKnownFileType = sourcecode.swift; path = RelatedParkSpotCollectionViewCell.swift; sourceTree = "<group>"; };
		3DB51B4D201A164200988956 /* RelatedParkSpotCollectionViewCell.xib */ = {isa = PBXFileReference; lastKnownFileType = file.xib; path = RelatedParkSpotCollectionViewCell.xib; sourceTree = "<group>"; };
		47A6DBE2CE07CFC35DD3D9B2 /* Pods_Taipei_ParkTests.framework */ = {isa = PBXFileReference; explicitFileType = wrapper.framework; includeInIndex = 0; path = Pods_Taipei_ParkTests.framework; sourceTree = BUILT_PRODUCTS_DIR; };
		5230D1736F52FC1ACD8593E6 /* Pods-Taipei_ParkTests.debug.xcconfig */ = {isa = PBXFileReference; includeInIndex = 1; lastKnownFileType = text.xcconfig; name = "Pods-Taipei_ParkTests.debug.xcconfig"; path = "Pods/Target Support Files/Pods-Taipei_ParkTests/Pods-Taipei_ParkTests.debug.xcconfig"; sourceTree = "<group>"; };
		6BCCDB5842562469B8A5975D /* Pods-Taipei_Park.debug.xcconfig */ = {isa = PBXFileReference; includeInIndex = 1; lastKnownFileType = text.xcconfig; name = "Pods-Taipei_Park.debug.xcconfig"; path = "Pods/Target Support Files/Pods-Taipei_Park/Pods-Taipei_Park.debug.xcconfig"; sourceTree = "<group>"; };
		AFC6E4C6DF5040472B373B0F /* Pods-Taipei_ParkTests.release.xcconfig */ = {isa = PBXFileReference; includeInIndex = 1; lastKnownFileType = text.xcconfig; name = "Pods-Taipei_ParkTests.release.xcconfig"; path = "Pods/Target Support Files/Pods-Taipei_ParkTests/Pods-Taipei_ParkTests.release.xcconfig"; sourceTree = "<group>"; };
		B9F94E363A84B29DE2D37A61 /* Pods-Taipei_Park.release.xcconfig */ = {isa = PBXFileReference; includeInIndex = 1; lastKnownFileType = text.xcconfig; name = "Pods-Taipei_Park.release.xcconfig"; path = "Pods/Target Support Files/Pods-Taipei_Park/Pods-Taipei_Park.release.xcconfig"; sourceTree = "<group>"; };
/* End PBXFileReference section */

/* Begin PBXFrameworksBuildPhase section */
		3D3BB3092018AA100098E5AA /* Frameworks */ = {
			isa = PBXFrameworksBuildPhase;
			buildActionMask = 2147483647;
			files = (
				FA43114C5373B991649747B9 /* Pods_Taipei_Park.framework in Frameworks */,
			);
			runOnlyForDeploymentPostprocessing = 0;
		};
		3D3BB31D2018AA100098E5AA /* Frameworks */ = {
			isa = PBXFrameworksBuildPhase;
			buildActionMask = 2147483647;
			files = (
				BB00E0178E89215A1BCD8A24 /* Pods_Taipei_ParkTests.framework in Frameworks */,
			);
			runOnlyForDeploymentPostprocessing = 0;
		};
/* End PBXFrameworksBuildPhase section */

/* Begin PBXGroup section */
		176EBCE465FE99824AAD1FED /* Frameworks */ = {
			isa = PBXGroup;
			children = (
				2E50A709C3EAE7B304BA4834 /* Pods_Taipei_Park.framework */,
				47A6DBE2CE07CFC35DD3D9B2 /* Pods_Taipei_ParkTests.framework */,
			);
			name = Frameworks;
			sourceTree = "<group>";
		};
		3D3BB3032018AA100098E5AA = {
			isa = PBXGroup;
			children = (
				3D3BB30E2018AA100098E5AA /* Taipei_Park */,
				3D3BB3232018AA100098E5AA /* Taipei_ParkTests */,
				3D3BB30D2018AA100098E5AA /* Products */,
				DC488D3167258473DE0436EF /* Pods */,
				176EBCE465FE99824AAD1FED /* Frameworks */,
			);
			sourceTree = "<group>";
		};
		3D3BB30D2018AA100098E5AA /* Products */ = {
			isa = PBXGroup;
			children = (
				3D3BB30C2018AA100098E5AA /* Taipei_Park.app */,
				3D3BB3202018AA100098E5AA /* Taipei_ParkTests.xctest */,
			);
			name = Products;
			sourceTree = "<group>";
		};
		3D3BB30E2018AA100098E5AA /* Taipei_Park */ = {
			isa = PBXGroup;
			children = (
				3DB51B432019774400988956 /* Extension */,
				3D3BB3332018B88B0098E5AA /* Data */,
				3D5A6F282019C6C300BA7851 /* Cell */,
				3D3BB30F2018AA100098E5AA /* AppDelegate.swift */,
				3D3BB32F2018B7310098E5AA /* ParkTableViewController.swift */,
				3DB51B482019A9D900988956 /* ParkSpotDetailViewController.swift */,
				3D5A6F262019C6AE00BA7851 /* ParkSpotDetailTableViewController.swift */,
				3D3BB3132018AA100098E5AA /* Main.storyboard */,
				3D3BB3162018AA100098E5AA /* Assets.xcassets */,
				3D3BB3182018AA100098E5AA /* LaunchScreen.storyboard */,
				3D3BB31B2018AA100098E5AA /* Info.plist */,
			);
			path = Taipei_Park;
			sourceTree = "<group>";
		};
		3D3BB3232018AA100098E5AA /* Taipei_ParkTests */ = {
			isa = PBXGroup;
			children = (
				3D3BB3242018AA100098E5AA /* Taipei_ParkTests.swift */,
				3D3BB3262018AA100098E5AA /* Info.plist */,
			);
			path = Taipei_ParkTests;
			sourceTree = "<group>";
		};
		3D3BB3332018B88B0098E5AA /* Data */ = {
			isa = PBXGroup;
			children = (
				3D3BB3342018B8B90098E5AA /* ParkSpot.swift */,
				3D3BB3362018BC280098E5AA /* DataManager.swift */,
			);
			path = Data;
			sourceTree = "<group>";
		};
		3D5A6F282019C6C300BA7851 /* Cell */ = {
			isa = PBXGroup;
			children = (
				3DB51B4A201A0A2100988956 /* BaseParkSpotCell.swift */,
				3D3BB3312018B7940098E5AA /* ParkListCell.swift */,
				3DB51B46201980CB00988956 /* LoadingProgressCell.swift */,
				3D5A6F292019E32C00BA7851 /* ParkSpotDetailCell.swift */,
				3D5A6F2A2019E32C00BA7851 /* ParkSpotDetailCell.xib */,
				3DB51B4C201A164200988956 /* RelatedParkSpotCollectionViewCell.swift */,
				3DB51B4D201A164200988956 /* RelatedParkSpotCollectionViewCell.xib */,
			);
			path = Cell;
			sourceTree = "<group>";
		};
		3DB51B432019774400988956 /* Extension */ = {
			isa = PBXGroup;
			children = (
				3DB51B442019777100988956 /* TaipeiParkExtensions.swift */,
			);
			path = Extension;
			sourceTree = "<group>";
		};
		DC488D3167258473DE0436EF /* Pods */ = {
			isa = PBXGroup;
			children = (
				6BCCDB5842562469B8A5975D /* Pods-Taipei_Park.debug.xcconfig */,
				B9F94E363A84B29DE2D37A61 /* Pods-Taipei_Park.release.xcconfig */,
				5230D1736F52FC1ACD8593E6 /* Pods-Taipei_ParkTests.debug.xcconfig */,
				AFC6E4C6DF5040472B373B0F /* Pods-Taipei_ParkTests.release.xcconfig */,
			);
			name = Pods;
			sourceTree = "<group>";
		};
/* End PBXGroup section */

/* Begin PBXNativeTarget section */
		3D3BB30B2018AA100098E5AA /* Taipei_Park */ = {
			isa = PBXNativeTarget;
			buildConfigurationList = 3D3BB3292018AA100098E5AA /* Build configuration list for PBXNativeTarget "Taipei_Park" */;
			buildPhases = (
				80940A4201A1ECB23CF4F7B6 /* [CP] Check Pods Manifest.lock */,
				3D3BB3082018AA100098E5AA /* Sources */,
				3D3BB3092018AA100098E5AA /* Frameworks */,
				3D3BB30A2018AA100098E5AA /* Resources */,
				8C937A85F3689013B83A9561 /* [CP] Embed Pods Frameworks */,
				A8B4948E9D4A9A530E1190F8 /* [CP] Copy Pods Resources */,
			);
			buildRules = (
			);
			dependencies = (
			);
			name = Taipei_Park;
			productName = Taipei_Park;
			productReference = 3D3BB30C2018AA100098E5AA /* Taipei_Park.app */;
			productType = "com.apple.product-type.application";
		};
		3D3BB31F2018AA100098E5AA /* Taipei_ParkTests */ = {
			isa = PBXNativeTarget;
			buildConfigurationList = 3D3BB32C2018AA100098E5AA /* Build configuration list for PBXNativeTarget "Taipei_ParkTests" */;
			buildPhases = (
				9B7D8366D9CDE2361797D8D2 /* [CP] Check Pods Manifest.lock */,
				3D3BB31C2018AA100098E5AA /* Sources */,
				3D3BB31D2018AA100098E5AA /* Frameworks */,
				3D3BB31E2018AA100098E5AA /* Resources */,
				ACD45DBB2A2270D5142EBAAA /* [CP] Embed Pods Frameworks */,
				5B063721E1C7F1C843EA29E6 /* [CP] Copy Pods Resources */,
			);
			buildRules = (
			);
			dependencies = (
				3D3BB3222018AA100098E5AA /* PBXTargetDependency */,
			);
			name = Taipei_ParkTests;
			productName = Taipei_ParkTests;
			productReference = 3D3BB3202018AA100098E5AA /* Taipei_ParkTests.xctest */;
			productType = "com.apple.product-type.bundle.unit-test";
		};
/* End PBXNativeTarget section */

/* Begin PBXProject section */
		3D3BB3042018AA100098E5AA /* Project object */ = {
			isa = PBXProject;
			attributes = {
				LastSwiftUpdateCheck = 0920;
				LastUpgradeCheck = 0920;
				ORGANIZATIONNAME = Puyan;
				TargetAttributes = {
					3D3BB30B2018AA100098E5AA = {
						CreatedOnToolsVersion = 9.2;
						ProvisioningStyle = Automatic;
					};
					3D3BB31F2018AA100098E5AA = {
						CreatedOnToolsVersion = 9.2;
						ProvisioningStyle = Automatic;
						TestTargetID = 3D3BB30B2018AA100098E5AA;
					};
				};
			};
			buildConfigurationList = 3D3BB3072018AA100098E5AA /* Build configuration list for PBXProject "Taipei_Park" */;
			compatibilityVersion = "Xcode 8.0";
			developmentRegion = en;
			hasScannedForEncodings = 0;
			knownRegions = (
				en,
				Base,
			);
			mainGroup = 3D3BB3032018AA100098E5AA;
			productRefGroup = 3D3BB30D2018AA100098E5AA /* Products */;
			projectDirPath = "";
			projectRoot = "";
			targets = (
				3D3BB30B2018AA100098E5AA /* Taipei_Park */,
				3D3BB31F2018AA100098E5AA /* Taipei_ParkTests */,
			);
		};
/* End PBXProject section */

/* Begin PBXResourcesBuildPhase section */
		3D3BB30A2018AA100098E5AA /* Resources */ = {
			isa = PBXResourcesBuildPhase;
			buildActionMask = 2147483647;
			files = (
				3D3BB31A2018AA100098E5AA /* LaunchScreen.storyboard in Resources */,
				3D3BB3172018AA100098E5AA /* Assets.xcassets in Resources */,
				3DB51B4F201A164200988956 /* RelatedParkSpotCollectionViewCell.xib in Resources */,
				3D5A6F2C2019E32C00BA7851 /* ParkSpotDetailCell.xib in Resources */,
				3D3BB3152018AA100098E5AA /* Main.storyboard in Resources */,
			);
			runOnlyForDeploymentPostprocessing = 0;
		};
		3D3BB31E2018AA100098E5AA /* Resources */ = {
			isa = PBXResourcesBuildPhase;
			buildActionMask = 2147483647;
			files = (
			);
			runOnlyForDeploymentPostprocessing = 0;
		};
/* End PBXResourcesBuildPhase section */

/* Begin PBXShellScriptBuildPhase section */
		5B063721E1C7F1C843EA29E6 /* [CP] Copy Pods Resources */ = {
			isa = PBXShellScriptBuildPhase;
			buildActionMask = 2147483647;
			files = (
			);
			inputPaths = (
			);
			name = "[CP] Copy Pods Resources";
			outputPaths = (
			);
			runOnlyForDeploymentPostprocessing = 0;
			shellPath = /bin/sh;
			shellScript = "\"${SRCROOT}/Pods/Target Support Files/Pods-Taipei_ParkTests/Pods-Taipei_ParkTests-resources.sh\"\n";
			showEnvVarsInLog = 0;
		};
		80940A4201A1ECB23CF4F7B6 /* [CP] Check Pods Manifest.lock */ = {
			isa = PBXShellScriptBuildPhase;
			buildActionMask = 2147483647;
			files = (
			);
			inputPaths = (
				"${PODS_PODFILE_DIR_PATH}/Podfile.lock",
				"${PODS_ROOT}/Manifest.lock",
			);
			name = "[CP] Check Pods Manifest.lock";
			outputPaths = (
				"$(DERIVED_FILE_DIR)/Pods-Taipei_Park-checkManifestLockResult.txt",
			);
			runOnlyForDeploymentPostprocessing = 0;
			shellPath = /bin/sh;
			shellScript = "diff \"${PODS_PODFILE_DIR_PATH}/Podfile.lock\" \"${PODS_ROOT}/Manifest.lock\" > /dev/null\nif [ $? != 0 ] ; then\n    # print error to STDERR\n    echo \"error: The sandbox is not in sync with the Podfile.lock. Run 'pod install' or update your CocoaPods installation.\" >&2\n    exit 1\nfi\n# This output is used by Xcode 'outputs' to avoid re-running this script phase.\necho \"SUCCESS\" > \"${SCRIPT_OUTPUT_FILE_0}\"\n";
			showEnvVarsInLog = 0;
		};
		8C937A85F3689013B83A9561 /* [CP] Embed Pods Frameworks */ = {
			isa = PBXShellScriptBuildPhase;
			buildActionMask = 2147483647;
			files = (
			);
			inputPaths = (
				"${SRCROOT}/Pods/Target Support Files/Pods-Taipei_Park/Pods-Taipei_Park-frameworks.sh",
				"${BUILT_PRODUCTS_DIR}/Alamofire/Alamofire.framework",
				"${BUILT_PRODUCTS_DIR}/Alamofire-SwiftyJSON/Alamofire_SwiftyJSON.framework",
				"${BUILT_PRODUCTS_DIR}/AlamofireObjectMapper/AlamofireObjectMapper.framework",
				"${BUILT_PRODUCTS_DIR}/ObjectMapper/ObjectMapper.framework",
				"${BUILT_PRODUCTS_DIR}/SDWebImage/SDWebImage.framework",
				"${BUILT_PRODUCTS_DIR}/SwiftyJSON/SwiftyJSON.framework",
			);
			name = "[CP] Embed Pods Frameworks";
			outputPaths = (
				"${TARGET_BUILD_DIR}/${FRAMEWORKS_FOLDER_PATH}/Alamofire.framework",
				"${TARGET_BUILD_DIR}/${FRAMEWORKS_FOLDER_PATH}/Alamofire_SwiftyJSON.framework",
				"${TARGET_BUILD_DIR}/${FRAMEWORKS_FOLDER_PATH}/AlamofireObjectMapper.framework",
				"${TARGET_BUILD_DIR}/${FRAMEWORKS_FOLDER_PATH}/ObjectMapper.framework",
				"${TARGET_BUILD_DIR}/${FRAMEWORKS_FOLDER_PATH}/SDWebImage.framework",
				"${TARGET_BUILD_DIR}/${FRAMEWORKS_FOLDER_PATH}/SwiftyJSON.framework",
			);
			runOnlyForDeploymentPostprocessing = 0;
			shellPath = /bin/sh;
			shellScript = "\"${SRCROOT}/Pods/Target Support Files/Pods-Taipei_Park/Pods-Taipei_Park-frameworks.sh\"\n";
			showEnvVarsInLog = 0;
		};
		9B7D8366D9CDE2361797D8D2 /* [CP] Check Pods Manifest.lock */ = {
			isa = PBXShellScriptBuildPhase;
			buildActionMask = 2147483647;
			files = (
			);
			inputPaths = (
				"${PODS_PODFILE_DIR_PATH}/Podfile.lock",
				"${PODS_ROOT}/Manifest.lock",
			);
			name = "[CP] Check Pods Manifest.lock";
			outputPaths = (
				"$(DERIVED_FILE_DIR)/Pods-Taipei_ParkTests-checkManifestLockResult.txt",
			);
			runOnlyForDeploymentPostprocessing = 0;
			shellPath = /bin/sh;
			shellScript = "diff \"${PODS_PODFILE_DIR_PATH}/Podfile.lock\" \"${PODS_ROOT}/Manifest.lock\" > /dev/null\nif [ $? != 0 ] ; then\n    # print error to STDERR\n    echo \"error: The sandbox is not in sync with the Podfile.lock. Run 'pod install' or update your CocoaPods installation.\" >&2\n    exit 1\nfi\n# This output is used by Xcode 'outputs' to avoid re-running this script phase.\necho \"SUCCESS\" > \"${SCRIPT_OUTPUT_FILE_0}\"\n";
			showEnvVarsInLog = 0;
		};
		A8B4948E9D4A9A530E1190F8 /* [CP] Copy Pods Resources */ = {
			isa = PBXShellScriptBuildPhase;
			buildActionMask = 2147483647;
			files = (
			);
			inputPaths = (
			);
			name = "[CP] Copy Pods Resources";
			outputPaths = (
			);
			runOnlyForDeploymentPostprocessing = 0;
			shellPath = /bin/sh;
			shellScript = "\"${SRCROOT}/Pods/Target Support Files/Pods-Taipei_Park/Pods-Taipei_Park-resources.sh\"\n";
			showEnvVarsInLog = 0;
		};
		ACD45DBB2A2270D5142EBAAA /* [CP] Embed Pods Frameworks */ = {
			isa = PBXShellScriptBuildPhase;
			buildActionMask = 2147483647;
			files = (
			);
			inputPaths = (
				"${SRCROOT}/Pods/Target Support Files/Pods-Taipei_ParkTests/Pods-Taipei_ParkTests-frameworks.sh",
				"${BUILT_PRODUCTS_DIR}/Alamofire/Alamofire.framework",
				"${BUILT_PRODUCTS_DIR}/AlamofireObjectMapper/AlamofireObjectMapper.framework",
				"${BUILT_PRODUCTS_DIR}/ObjectMapper/ObjectMapper.framework",
			);
			name = "[CP] Embed Pods Frameworks";
			outputPaths = (
				"${TARGET_BUILD_DIR}/${FRAMEWORKS_FOLDER_PATH}/Alamofire.framework",
				"${TARGET_BUILD_DIR}/${FRAMEWORKS_FOLDER_PATH}/AlamofireObjectMapper.framework",
				"${TARGET_BUILD_DIR}/${FRAMEWORKS_FOLDER_PATH}/ObjectMapper.framework",
			);
			runOnlyForDeploymentPostprocessing = 0;
			shellPath = /bin/sh;
			shellScript = "\"${SRCROOT}/Pods/Target Support Files/Pods-Taipei_ParkTests/Pods-Taipei_ParkTests-frameworks.sh\"\n";
			showEnvVarsInLog = 0;
		};
/* End PBXShellScriptBuildPhase section */

/* Begin PBXSourcesBuildPhase section */
		3D3BB3082018AA100098E5AA /* Sources */ = {
			isa = PBXSourcesBuildPhase;
			buildActionMask = 2147483647;
			files = (
				3D5A6F2B2019E32C00BA7851 /* ParkSpotDetailCell.swift in Sources */,
				3DB51B4B201A0A2100988956 /* BaseParkSpotCell.swift in Sources */,
				3DB51B4E201A164200988956 /* RelatedParkSpotCollectionViewCell.swift in Sources */,
				3D3BB3102018AA100098E5AA /* AppDelegate.swift in Sources */,
				3D3BB3372018BC280098E5AA /* DataManager.swift in Sources */,
				3D3BB3352018B8B90098E5AA /* ParkSpot.swift in Sources */,
				3DB51B452019777100988956 /* TaipeiParkExtensions.swift in Sources */,
				3D3BB3302018B7310098E5AA /* ParkTableViewController.swift in Sources */,
				3D5A6F272019C6AE00BA7851 /* ParkSpotDetailTableViewController.swift in Sources */,
				3DB51B47201980CB00988956 /* LoadingProgressCell.swift in Sources */,
				3D3BB3322018B7940098E5AA /* ParkListCell.swift in Sources */,
				3DB51B492019A9D900988956 /* ParkSpotDetailViewController.swift in Sources */,
			);
			runOnlyForDeploymentPostprocessing = 0;
		};
		3D3BB31C2018AA100098E5AA /* Sources */ = {
			isa = PBXSourcesBuildPhase;
			buildActionMask = 2147483647;
			files = (
				3D3BB3252018AA100098E5AA /* Taipei_ParkTests.swift in Sources */,
				3D3BB3392018C2080098E5AA /* ParkSpot.swift in Sources */,
				3D3BB3382018C2050098E5AA /* DataManager.swift in Sources */,
			);
			runOnlyForDeploymentPostprocessing = 0;
		};
/* End PBXSourcesBuildPhase section */

/* Begin PBXTargetDependency section */
		3D3BB3222018AA100098E5AA /* PBXTargetDependency */ = {
			isa = PBXTargetDependency;
			target = 3D3BB30B2018AA100098E5AA /* Taipei_Park */;
			targetProxy = 3D3BB3212018AA100098E5AA /* PBXContainerItemProxy */;
		};
/* End PBXTargetDependency section */

/* Begin PBXVariantGroup section */
		3D3BB3132018AA100098E5AA /* Main.storyboard */ = {
			isa = PBXVariantGroup;
			children = (
				3D3BB3142018AA100098E5AA /* Base */,
			);
			name = Main.storyboard;
			sourceTree = "<group>";
		};
		3D3BB3182018AA100098E5AA /* LaunchScreen.storyboard */ = {
			isa = PBXVariantGroup;
			children = (
				3D3BB3192018AA100098E5AA /* Base */,
			);
			name = LaunchScreen.storyboard;
			sourceTree = "<group>";
		};
/* End PBXVariantGroup section */

/* Begin XCBuildConfiguration section */
		3D3BB3272018AA100098E5AA /* Debug */ = {
			isa = XCBuildConfiguration;
			buildSettings = {
				ALWAYS_SEARCH_USER_PATHS = NO;
				CLANG_ANALYZER_NONNULL = YES;
				CLANG_ANALYZER_NUMBER_OBJECT_CONVERSION = YES_AGGRESSIVE;
				CLANG_CXX_LANGUAGE_STANDARD = "gnu++14";
				CLANG_CXX_LIBRARY = "libc++";
				CLANG_ENABLE_MODULES = YES;
				CLANG_ENABLE_OBJC_ARC = YES;
				CLANG_WARN_BLOCK_CAPTURE_AUTORELEASING = YES;
				CLANG_WARN_BOOL_CONVERSION = YES;
				CLANG_WARN_COMMA = YES;
				CLANG_WARN_CONSTANT_CONVERSION = YES;
				CLANG_WARN_DIRECT_OBJC_ISA_USAGE = YES_ERROR;
				CLANG_WARN_DOCUMENTATION_COMMENTS = YES;
				CLANG_WARN_EMPTY_BODY = YES;
				CLANG_WARN_ENUM_CONVERSION = YES;
				CLANG_WARN_INFINITE_RECURSION = YES;
				CLANG_WARN_INT_CONVERSION = YES;
				CLANG_WARN_NON_LITERAL_NULL_CONVERSION = YES;
				CLANG_WARN_OBJC_LITERAL_CONVERSION = YES;
				CLANG_WARN_OBJC_ROOT_CLASS = YES_ERROR;
				CLANG_WARN_RANGE_LOOP_ANALYSIS = YES;
				CLANG_WARN_STRICT_PROTOTYPES = YES;
				CLANG_WARN_SUSPICIOUS_MOVE = YES;
				CLANG_WARN_UNGUARDED_AVAILABILITY = YES_AGGRESSIVE;
				CLANG_WARN_UNREACHABLE_CODE = YES;
				CLANG_WARN__DUPLICATE_METHOD_MATCH = YES;
				CODE_SIGN_IDENTITY = "iPhone Developer";
				COPY_PHASE_STRIP = NO;
				DEBUG_INFORMATION_FORMAT = dwarf;
				ENABLE_STRICT_OBJC_MSGSEND = YES;
				ENABLE_TESTABILITY = YES;
				GCC_C_LANGUAGE_STANDARD = gnu11;
				GCC_DYNAMIC_NO_PIC = NO;
				GCC_NO_COMMON_BLOCKS = YES;
				GCC_OPTIMIZATION_LEVEL = 0;
				GCC_PREPROCESSOR_DEFINITIONS = (
					"DEBUG=1",
					"$(inherited)",
				);
				GCC_WARN_64_TO_32_BIT_CONVERSION = YES;
				GCC_WARN_ABOUT_RETURN_TYPE = YES_ERROR;
				GCC_WARN_UNDECLARED_SELECTOR = YES;
				GCC_WARN_UNINITIALIZED_AUTOS = YES_AGGRESSIVE;
				GCC_WARN_UNUSED_FUNCTION = YES;
				GCC_WARN_UNUSED_VARIABLE = YES;
				IPHONEOS_DEPLOYMENT_TARGET = 11.2;
				MTL_ENABLE_DEBUG_INFO = YES;
				ONLY_ACTIVE_ARCH = YES;
				SDKROOT = iphoneos;
				SWIFT_ACTIVE_COMPILATION_CONDITIONS = DEBUG;
				SWIFT_OPTIMIZATION_LEVEL = "-Onone";
			};
			name = Debug;
		};
		3D3BB3282018AA100098E5AA /* Release */ = {
			isa = XCBuildConfiguration;
			buildSettings = {
				ALWAYS_SEARCH_USER_PATHS = NO;
				CLANG_ANALYZER_NONNULL = YES;
				CLANG_ANALYZER_NUMBER_OBJECT_CONVERSION = YES_AGGRESSIVE;
				CLANG_CXX_LANGUAGE_STANDARD = "gnu++14";
				CLANG_CXX_LIBRARY = "libc++";
				CLANG_ENABLE_MODULES = YES;
				CLANG_ENABLE_OBJC_ARC = YES;
				CLANG_WARN_BLOCK_CAPTURE_AUTORELEASING = YES;
				CLANG_WARN_BOOL_CONVERSION = YES;
				CLANG_WARN_COMMA = YES;
				CLANG_WARN_CONSTANT_CONVERSION = YES;
				CLANG_WARN_DIRECT_OBJC_ISA_USAGE = YES_ERROR;
				CLANG_WARN_DOCUMENTATION_COMMENTS = YES;
				CLANG_WARN_EMPTY_BODY = YES;
				CLANG_WARN_ENUM_CONVERSION = YES;
				CLANG_WARN_INFINITE_RECURSION = YES;
				CLANG_WARN_INT_CONVERSION = YES;
				CLANG_WARN_NON_LITERAL_NULL_CONVERSION = YES;
				CLANG_WARN_OBJC_LITERAL_CONVERSION = YES;
				CLANG_WARN_OBJC_ROOT_CLASS = YES_ERROR;
				CLANG_WARN_RANGE_LOOP_ANALYSIS = YES;
				CLANG_WARN_STRICT_PROTOTYPES = YES;
				CLANG_WARN_SUSPICIOUS_MOVE = YES;
				CLANG_WARN_UNGUARDED_AVAILABILITY = YES_AGGRESSIVE;
				CLANG_WARN_UNREACHABLE_CODE = YES;
				CLANG_WARN__DUPLICATE_METHOD_MATCH = YES;
				CODE_SIGN_IDENTITY = "iPhone Developer";
				COPY_PHASE_STRIP = NO;
				DEBUG_INFORMATION_FORMAT = "dwarf-with-dsym";
				ENABLE_NS_ASSERTIONS = NO;
				ENABLE_STRICT_OBJC_MSGSEND = YES;
				GCC_C_LANGUAGE_STANDARD = gnu11;
				GCC_NO_COMMON_BLOCKS = YES;
				GCC_WARN_64_TO_32_BIT_CONVERSION = YES;
				GCC_WARN_ABOUT_RETURN_TYPE = YES_ERROR;
				GCC_WARN_UNDECLARED_SELECTOR = YES;
				GCC_WARN_UNINITIALIZED_AUTOS = YES_AGGRESSIVE;
				GCC_WARN_UNUSED_FUNCTION = YES;
				GCC_WARN_UNUSED_VARIABLE = YES;
				IPHONEOS_DEPLOYMENT_TARGET = 11.2;
				MTL_ENABLE_DEBUG_INFO = NO;
				SDKROOT = iphoneos;
				SWIFT_OPTIMIZATION_LEVEL = "-Owholemodule";
				VALIDATE_PRODUCT = YES;
			};
			name = Release;
		};
		3D3BB32A2018AA100098E5AA /* Debug */ = {
			isa = XCBuildConfiguration;
			baseConfigurationReference = 6BCCDB5842562469B8A5975D /* Pods-Taipei_Park.debug.xcconfig */;
			buildSettings = {
				ASSETCATALOG_COMPILER_APPICON_NAME = AppIcon;
				CODE_SIGN_STYLE = Automatic;
				DEVELOPMENT_TEAM = S6LR7F4F24;
				INFOPLIST_FILE = Taipei_Park/Info.plist;
				IPHONEOS_DEPLOYMENT_TARGET = 9.0;
				LD_RUNPATH_SEARCH_PATHS = "$(inherited) @executable_path/Frameworks";
				PRODUCT_BUNDLE_IDENTIFIER = "tw.puyan.demo.kkstream.Taipei-Park";
				PRODUCT_NAME = "$(TARGET_NAME)";
				SWIFT_VERSION = 4.0;
				TARGETED_DEVICE_FAMILY = "1,2";
			};
			name = Debug;
		};
		3D3BB32B2018AA100098E5AA /* Release */ = {
			isa = XCBuildConfiguration;
			baseConfigurationReference = B9F94E363A84B29DE2D37A61 /* Pods-Taipei_Park.release.xcconfig */;
			buildSettings = {
				ASSETCATALOG_COMPILER_APPICON_NAME = AppIcon;
				CODE_SIGN_STYLE = Automatic;
				DEVELOPMENT_TEAM = S6LR7F4F24;
				INFOPLIST_FILE = Taipei_Park/Info.plist;
				IPHONEOS_DEPLOYMENT_TARGET = 9.0;
				LD_RUNPATH_SEARCH_PATHS = "$(inherited) @executable_path/Frameworks";
				PRODUCT_BUNDLE_IDENTIFIER = "tw.puyan.demo.kkstream.Taipei-Park";
				PRODUCT_NAME = "$(TARGET_NAME)";
				SWIFT_VERSION = 4.0;
				TARGETED_DEVICE_FAMILY = "1,2";
			};
			name = Release;
		};
		3D3BB32D2018AA100098E5AA /* Debug */ = {
			isa = XCBuildConfiguration;
			baseConfigurationReference = 5230D1736F52FC1ACD8593E6 /* Pods-Taipei_ParkTests.debug.xcconfig */;
			buildSettings = {
				ALWAYS_EMBED_SWIFT_STANDARD_LIBRARIES = YES;
				BUNDLE_LOADER = "$(TEST_HOST)";
				CODE_SIGN_STYLE = Automatic;
				DEVELOPMENT_TEAM = S6LR7F4F24;
				INFOPLIST_FILE = Taipei_ParkTests/Info.plist;
				LD_RUNPATH_SEARCH_PATHS = "$(inherited) @executable_path/Frameworks @loader_path/Frameworks";
				PRODUCT_BUNDLE_IDENTIFIER = "tw.puyan.demo.kkstream.Taipei-ParkTests";
				PRODUCT_NAME = "$(TARGET_NAME)";
				SWIFT_VERSION = 4.0;
				TARGETED_DEVICE_FAMILY = "1,2";
				TEST_HOST = "$(BUILT_PRODUCTS_DIR)/Taipei_Park.app/Taipei_Park";
			};
			name = Debug;
		};
		3D3BB32E2018AA100098E5AA /* Release */ = {
			isa = XCBuildConfiguration;
			baseConfigurationReference = AFC6E4C6DF5040472B373B0F /* Pods-Taipei_ParkTests.release.xcconfig */;
			buildSettings = {
				ALWAYS_EMBED_SWIFT_STANDARD_LIBRARIES = YES;
				BUNDLE_LOADER = "$(TEST_HOST)";
				CODE_SIGN_STYLE = Automatic;
				DEVELOPMENT_TEAM = S6LR7F4F24;
				INFOPLIST_FILE = Taipei_ParkTests/Info.plist;
				LD_RUNPATH_SEARCH_PATHS = "$(inherited) @executable_path/Frameworks @loader_path/Frameworks";
				PRODUCT_BUNDLE_IDENTIFIER = "tw.puyan.demo.kkstream.Taipei-ParkTests";
				PRODUCT_NAME = "$(TARGET_NAME)";
				SWIFT_VERSION = 4.0;
				TARGETED_DEVICE_FAMILY = "1,2";
				TEST_HOST = "$(BUILT_PRODUCTS_DIR)/Taipei_Park.app/Taipei_Park";
			};
			name = Release;
		};
/* End XCBuildConfiguration section */

/* Begin XCConfigurationList section */
		3D3BB3072018AA100098E5AA /* Build configuration list for PBXProject "Taipei_Park" */ = {
			isa = XCConfigurationList;
			buildConfigurations = (
				3D3BB3272018AA100098E5AA /* Debug */,
				3D3BB3282018AA100098E5AA /* Release */,
			);
			defaultConfigurationIsVisible = 0;
			defaultConfigurationName = Release;
		};
		3D3BB3292018AA100098E5AA /* Build configuration list for PBXNativeTarget "Taipei_Park" */ = {
			isa = XCConfigurationList;
			buildConfigurations = (
				3D3BB32A2018AA100098E5AA /* Debug */,
				3D3BB32B2018AA100098E5AA /* Release */,
			);
			defaultConfigurationIsVisible = 0;
			defaultConfigurationName = Release;
		};
		3D3BB32C2018AA100098E5AA /* Build configuration list for PBXNativeTarget "Taipei_ParkTests" */ = {
			isa = XCConfigurationList;
			buildConfigurations = (
				3D3BB32D2018AA100098E5AA /* Debug */,
				3D3BB32E2018AA100098E5AA /* Release */,
			);
			defaultConfigurationIsVisible = 0;
			defaultConfigurationName = Release;
		};
/* End XCConfigurationList section */
	};
	rootObject = 3D3BB3042018AA100098E5AA /* Project object */;
}
